
Microsoft Visual Studio Solution File, Format Version 12.00
# Visual Studio Version 17
VisualStudioVersion = 17.3.32825.248
MinimumVisualStudioVersion = 10.0.40219.1
Project("{8BC9CEB8-8B4A-11D0-8D11-00A0C91BC942}") = "MyList", "MyList\MyList.vcxproj", "{F9D052F2-57AD-4EAC-AEA4-6FD9F996C002}"
EndProject
Project("{8BC9CEB8-8B4A-11D0-8D11-00A0C91BC942}") = "MyList_tests", "MyList_tests\MyList_tests.vcxproj", "{BD247E7F-D62B-441E-B674-CFFF4C76EF50}"
EndProject
Global
	GlobalSection(SolutionConfigurationPlatforms) = preSolution
		Debug|x64 = Debug|x64
		Debug|x86 = Debug|x86
		Release|x64 = Release|x64
		Release|x86 = Release|x86
	EndGlobalSection
	GlobalSection(ProjectConfigurationPlatforms) = postSolution
		{F9D052F2-57AD-4EAC-AEA4-6FD9F996C002}.Debug|x64.ActiveCfg = Debug|x64
		{F9D052F2-57AD-4EAC-AEA4-6FD9F996C002}.Debug|x64.Build.0 = Debug|x64
		{F9D052F2-57AD-4EAC-AEA4-6FD9F996C002}.Debug|x86.ActiveCfg = Debug|Win32
		{F9D052F2-57AD-4EAC-AEA4-6FD9F996C002}.Debug|x86.Build.0 = Debug|Win32
		{F9D052F2-57AD-4EAC-AEA4-6FD9F996C002}.Release|x64.ActiveCfg = Release|x64
		{F9D052F2-57AD-4EAC-AEA4-6FD9F996C002}.Release|x64.Build.0 = Release|x64
		{F9D052F2-57AD-4EAC-AEA4-6FD9F996C002}.Release|x86.ActiveCfg = Release|Win32
		{F9D052F2-57AD-4EAC-AEA4-6FD9F996C002}.Release|x86.Build.0 = Release|Win32
		{BD247E7F-D62B-441E-B674-CFFF4C76EF50}.Debug|x64.ActiveCfg = Debug|x64
		{BD247E7F-D62B-441E-B674-CFFF4C76EF50}.Debug|x64.Build.0 = Debug|x64
		{BD247E7F-D62B-441E-B674-CFFF4C76EF50}.Debug|x86.ActiveCfg = Debug|Win32
		{BD247E7F-D62B-441E-B674-CFFF4C76EF50}.Debug|x86.Build.0 = Debug|Win32
		{BD247E7F-D62B-441E-B674-CFFF4C76EF50}.Release|x64.ActiveCfg = Release|x64
		{BD247E7F-D62B-441E-B674-CFFF4C76EF50}.Release|x64.Build.0 = Release|x64
		{BD247E7F-D62B-441E-B674-CFFF4C76EF50}.Release|x86.ActiveCfg = Release|Win32
		{BD247E7F-D62B-441E-B674-CFFF4C76EF50}.Release|x86.Build.0 = Release|Win32
	EndGlobalSection
	GlobalSection(SolutionProperties) = preSolution
		HideSolutionNode = FALSE
	EndGlobalSection
	GlobalSection(ExtensibilityGlobals) = postSolution
		SolutionGuid = {FA063A3C-6E0E-4406-B86A-56A1D024D22D}
	EndGlobalSection
EndGlobal
