
Microsoft Visual Studio Solution File, Format Version 12.00
# Visual Studio Version 17
VisualStudioVersion = 17.3.32825.248
MinimumVisualStudioVersion = 10.0.40219.1
Project("{8BC9CEB8-8B4A-11D0-8D11-00A0C91BC942}") = "GeneratePrimeNumber", "GeneratePrimeNumber\GeneratePrimeNumber.vcxproj", "{035F0424-529F-499B-89AF-7B4065EF4C74}"
EndProject
Project("{8BC9CEB8-8B4A-11D0-8D11-00A0C91BC942}") = "GeneratePrimeNumber_tests", "GeneratePrimeNumber_tests\GeneratePrimeNumber_tests.vcxproj", "{20E419DD-B459-4266-B507-290381A73D5D}"
EndProject
Global
	GlobalSection(SolutionConfigurationPlatforms) = preSolution
		Debug|x64 = Debug|x64
		Debug|x86 = Debug|x86
		Release|x64 = Release|x64
		Release|x86 = Release|x86
	EndGlobalSection
	GlobalSection(ProjectConfigurationPlatforms) = postSolution
		{035F0424-529F-499B-89AF-7B4065EF4C74}.Debug|x64.ActiveCfg = Debug|x64
		{035F0424-529F-499B-89AF-7B4065EF4C74}.Debug|x64.Build.0 = Debug|x64
		{035F0424-529F-499B-89AF-7B4065EF4C74}.Debug|x86.ActiveCfg = Debug|Win32
		{035F0424-529F-499B-89AF-7B4065EF4C74}.Debug|x86.Build.0 = Debug|Win32
		{035F0424-529F-499B-89AF-7B4065EF4C74}.Release|x64.ActiveCfg = Release|x64
		{035F0424-529F-499B-89AF-7B4065EF4C74}.Release|x64.Build.0 = Release|x64
		{035F0424-529F-499B-89AF-7B4065EF4C74}.Release|x86.ActiveCfg = Release|Win32
		{035F0424-529F-499B-89AF-7B4065EF4C74}.Release|x86.Build.0 = Release|Win32
		{20E419DD-B459-4266-B507-290381A73D5D}.Debug|x64.ActiveCfg = Debug|x64
		{20E419DD-B459-4266-B507-290381A73D5D}.Debug|x64.Build.0 = Debug|x64
		{20E419DD-B459-4266-B507-290381A73D5D}.Debug|x86.ActiveCfg = Debug|Win32
		{20E419DD-B459-4266-B507-290381A73D5D}.Debug|x86.Build.0 = Debug|Win32
		{20E419DD-B459-4266-B507-290381A73D5D}.Release|x64.ActiveCfg = Release|x64
		{20E419DD-B459-4266-B507-290381A73D5D}.Release|x64.Build.0 = Release|x64
		{20E419DD-B459-4266-B507-290381A73D5D}.Release|x86.ActiveCfg = Release|Win32
		{20E419DD-B459-4266-B507-290381A73D5D}.Release|x86.Build.0 = Release|Win32
	EndGlobalSection
	GlobalSection(SolutionProperties) = preSolution
		HideSolutionNode = FALSE
	EndGlobalSection
	GlobalSection(ExtensibilityGlobals) = postSolution
		SolutionGuid = {7B76B647-7187-4BA3-A69D-0A437882D60D}
	EndGlobalSection
EndGlobal
